<Solution>
  <Folder Name="/lib/">
    <Project Path="lib/Facepunch.Steamworks/Facepunch.Steamworks/Facepunch.Steamworks.Posix.csproj" />
    <Project Path="lib/Facepunch.Steamworks/Facepunch.Steamworks/Facepunch.Steamworks.Win32.csproj" />
    <Project Path="lib/Facepunch.Steamworks/Facepunch.Steamworks/Facepunch.Steamworks.Win64.csproj" />
  </Folder>
  <Project Path="CrashWindow/CrashWindow.csproj" />
  <Project Path="DuckGame/DuckGame.csproj" />
  <Project Path="FNA/FNA.Core.csproj" />
  <Project Path="Steam/Steam.csproj" />
</Solution>
